
Microsoft Visual Studio Solution File, Format Version 12.00
# Visual Studio Version 17
VisualStudioVersion = 17.7.34031.279
MinimumVisualStudioVersion = 10.0.40219.1
Project("{FAE04EC0-301F-11D3-BF4B-00C04F79EFBC}") = "StudentRegistrationFinal", "StudentRegistrationFinal\StudentRegistrationFinal.csproj", "{329F8109-51AC-48D4-8F1F-A5D5AC742224}"
EndProject
Global
	GlobalSection(SolutionConfigurationPlatforms) = preSolution
		Debug|Any CPU = Debug|Any CPU
		Release|Any CPU = Release|Any CPU
	EndGlobalSection
	GlobalSection(ProjectConfigurationPlatforms) = postSolution
		{329F8109-51AC-48D4-8F1F-A5D5AC742224}.Debug|Any CPU.ActiveCfg = Debug|Any CPU
		{329F8109-51AC-48D4-8F1F-A5D5AC742224}.Debug|Any CPU.Build.0 = Debug|Any CPU
		{329F8109-51AC-48D4-8F1F-A5D5AC742224}.Release|Any CPU.ActiveCfg = Release|Any CPU
		{329F8109-51AC-48D4-8F1F-A5D5AC742224}.Release|Any CPU.Build.0 = Release|Any CPU
	EndGlobalSection
	GlobalSection(SolutionProperties) = preSolution
		HideSolutionNode = FALSE
	EndGlobalSection
	GlobalSection(ExtensibilityGlobals) = postSolution
		SolutionGuid = {14883090-F5E7-41FF-A3D0-C99E39E94ED8}
	EndGlobalSection
EndGlobal
